// !$*UTF8*$!
{
	archiveVersion = 1;
	classes = {
	};
	objectVersion = 46;
	objects = {

/* Begin PBXBuildFile section */
		822E95F3218CC78500567C72 /* Telegraph.framework in Frameworks */ = {isa = PBXBuildFile; fileRef = 822E95F2218CC78500567C72 /* Telegraph.framework */; };
		822E9612218CCC3B00567C72 /* CocoaAsyncSocket.framework in Frameworks */ = {isa = PBXBuildFile; fileRef = 822E9610218CCC3B00567C72 /* CocoaAsyncSocket.framework */; };
		822E9613218CCC3B00567C72 /* HTTPParserC.framework in Frameworks */ = {isa = PBXBuildFile; fileRef = 822E9611218CCC3B00567C72 /* HTTPParserC.framework */; };
		8284FF251ECEA49900303A00 /* index.html in Resources */ = {isa = PBXBuildFile; fileRef = 8284FF241ECEA49900303A00 /* index.html */; };
		82EF341E1ECD33CF002DC910 /* AppDelegate.swift in Sources */ = {isa = PBXBuildFile; fileRef = 82EF341D1ECD33CF002DC910 /* AppDelegate.swift */; };
		82EF34201ECD33CF002DC910 /* ViewController.swift in Sources */ = {isa = PBXBuildFile; fileRef = 82EF341F1ECD33CF002DC910 /* ViewController.swift */; };
		82EF34231ECD33CF002DC910 /* Main.storyboard in Resources */ = {isa = PBXBuildFile; fileRef = 82EF34211ECD33CF002DC910 /* Main.storyboard */; };
		82EF34251ECD33CF002DC910 /* Assets.xcassets in Resources */ = {isa = PBXBuildFile; fileRef = 82EF34241ECD33CF002DC910 /* Assets.xcassets */; };
		82EF344F1ECD3B77002DC910 /* TelegraphDemo.swift in Sources */ = {isa = PBXBuildFile; fileRef = 82EF344E1ECD3B77002DC910 /* TelegraphDemo.swift */; };
		82EF34611ECD3C52002DC910 /* ca.der in Resources */ = {isa = PBXBuildFile; fileRef = 82EF345C1ECD3C52002DC910 /* ca.der */; };
		82EF34631ECD3C52002DC910 /* localhost.p12 in Resources */ = {isa = PBXBuildFile; fileRef = 82EF345E1ECD3C52002DC910 /* localhost.p12 */; };
		82EF34641ECD3C52002DC910 /* logo.png in Resources */ = {isa = PBXBuildFile; fileRef = 82EF345F1ECD3C52002DC910 /* logo.png */; };
/* End PBXBuildFile section */

/* Begin PBXFileReference section */
		822E95F2218CC78500567C72 /* Telegraph.framework */ = {isa = PBXFileReference; explicitFileType = wrapper.framework; path = Telegraph.framework; sourceTree = BUILT_PRODUCTS_DIR; };
		822E9610218CCC3B00567C72 /* CocoaAsyncSocket.framework */ = {isa = PBXFileReference; lastKnownFileType = wrapper.framework; name = CocoaAsyncSocket.framework; path = ../Carthage/Build/tvOS/CocoaAsyncSocket.framework; sourceTree = "<group>"; };
		822E9611218CCC3B00567C72 /* HTTPParserC.framework */ = {isa = PBXFileReference; lastKnownFileType = wrapper.framework; name = HTTPParserC.framework; path = ../Carthage/Build/tvOS/HTTPParserC.framework; sourceTree = "<group>"; };
		8284FF241ECEA49900303A00 /* index.html */ = {isa = PBXFileReference; fileEncoding = 4; lastKnownFileType = text.html; path = index.html; sourceTree = "<group>"; };
		82EF341A1ECD33CF002DC910 /* tvOS Example.app */ = {isa = PBXFileReference; explicitFileType = wrapper.application; includeInIndex = 0; path = "tvOS Example.app"; sourceTree = BUILT_PRODUCTS_DIR; };
		82EF341D1ECD33CF002DC910 /* AppDelegate.swift */ = {isa = PBXFileReference; lastKnownFileType = sourcecode.swift; path = AppDelegate.swift; sourceTree = "<group>"; };
		82EF341F1ECD33CF002DC910 /* ViewController.swift */ = {isa = PBXFileReference; lastKnownFileType = sourcecode.swift; path = ViewController.swift; sourceTree = "<group>"; };
		82EF34221ECD33CF002DC910 /* Base */ = {isa = PBXFileReference; lastKnownFileType = file.storyboard; name = Base; path = Base.lproj/Main.storyboard; sourceTree = "<group>"; };
		82EF34241ECD33CF002DC910 /* Assets.xcassets */ = {isa = PBXFileReference; lastKnownFileType = folder.assetcatalog; path = Assets.xcassets; sourceTree = "<group>"; };
		82EF34261ECD33CF002DC910 /* Info.plist */ = {isa = PBXFileReference; lastKnownFileType = text.plist.xml; path = Info.plist; sourceTree = "<group>"; };
		82EF344E1ECD3B77002DC910 /* TelegraphDemo.swift */ = {isa = PBXFileReference; fileEncoding = 4; lastKnownFileType = sourcecode.swift; path = TelegraphDemo.swift; sourceTree = "<group>"; };
		82EF345C1ECD3C52002DC910 /* ca.der */ = {isa = PBXFileReference; lastKnownFileType = file; path = ca.der; sourceTree = "<group>"; };
		82EF345E1ECD3C52002DC910 /* localhost.p12 */ = {isa = PBXFileReference; lastKnownFileType = file; path = localhost.p12; sourceTree = "<group>"; };
		82EF345F1ECD3C52002DC910 /* logo.png */ = {isa = PBXFileReference; explicitFileType = compiled; path = logo.png; sourceTree = "<group>"; };
/* End PBXFileReference section */

/* Begin PBXFrameworksBuildPhase section */
		82EF34171ECD33CF002DC910 /* Frameworks */ = {
			isa = PBXFrameworksBuildPhase;
			buildActionMask = 2147483647;
			files = (
				822E9612218CCC3B00567C72 /* CocoaAsyncSocket.framework in Frameworks */,
				822E9613218CCC3B00567C72 /* HTTPParserC.framework in Frameworks */,
				822E95F3218CC78500567C72 /* Telegraph.framework in Frameworks */,
			);
			runOnlyForDeploymentPostprocessing = 0;
		};
/* End PBXFrameworksBuildPhase section */

/* Begin PBXGroup section */
		7A76BC6732A40F727598219C /* Frameworks */ = {
			isa = PBXGroup;
			children = (
				822E9610218CCC3B00567C72 /* CocoaAsyncSocket.framework */,
				822E9611218CCC3B00567C72 /* HTTPParserC.framework */,
				822E95F2218CC78500567C72 /* Telegraph.framework */,
			);
			name = Frameworks;
			sourceTree = "<group>";
		};
		82EF34111ECD33CF002DC910 = {
			isa = PBXGroup;
			children = (
				82EF341C1ECD33CF002DC910 /* Example */,
				82EF344D1ECD3B77002DC910 /* Demo */,
				82EF345B1ECD3C52002DC910 /* Resources */,
				82EF341B1ECD33CF002DC910 /* Products */,
				7A76BC6732A40F727598219C /* Frameworks */,
			);
			sourceTree = "<group>";
		};
		82EF341B1ECD33CF002DC910 /* Products */ = {
			isa = PBXGroup;
			children = (
				82EF341A1ECD33CF002DC910 /* tvOS Example.app */,
			);
			name = Products;
			sourceTree = "<group>";
		};
		82EF341C1ECD33CF002DC910 /* Example */ = {
			isa = PBXGroup;
			children = (
				82EF341D1ECD33CF002DC910 /* AppDelegate.swift */,
				82EF341F1ECD33CF002DC910 /* ViewController.swift */,
				82EF34211ECD33CF002DC910 /* Main.storyboard */,
				82EF34241ECD33CF002DC910 /* Assets.xcassets */,
				82EF34261ECD33CF002DC910 /* Info.plist */,
			);
			name = Example;
			path = "tvOS Example";
			sourceTree = "<group>";
		};
		82EF344D1ECD3B77002DC910 /* Demo */ = {
			isa = PBXGroup;
			children = (
				82EF344E1ECD3B77002DC910 /* TelegraphDemo.swift */,
			);
			path = Demo;
			sourceTree = "<group>";
		};
		82EF345B1ECD3C52002DC910 /* Resources */ = {
			isa = PBXGroup;
			children = (
				82EF345C1ECD3C52002DC910 /* ca.der */,
				82EF345E1ECD3C52002DC910 /* localhost.p12 */,
				82EF345F1ECD3C52002DC910 /* logo.png */,
				8284FF241ECEA49900303A00 /* index.html */,
			);
			name = Resources;
			path = ../Resources;
			sourceTree = "<group>";
		};
/* End PBXGroup section */

/* Begin PBXNativeTarget section */
		82EF34191ECD33CF002DC910 /* tvOS Example */ = {
			isa = PBXNativeTarget;
			buildConfigurationList = 82EF34291ECD33CF002DC910 /* Build configuration list for PBXNativeTarget "tvOS Example" */;
			buildPhases = (
				82EF34161ECD33CF002DC910 /* Sources */,
				82EF34171ECD33CF002DC910 /* Frameworks */,
				82EF34181ECD33CF002DC910 /* Resources */,
				822E9630218CD25400567C72 /* [Carthage] Copy Frameworks */,
			);
			buildRules = (
			);
			dependencies = (
			);
			name = "tvOS Example";
			productName = "tvOS Example";
			productReference = 82EF341A1ECD33CF002DC910 /* tvOS Example.app */;
			productType = "com.apple.product-type.application";
		};
/* End PBXNativeTarget section */

/* Begin PBXProject section */
		82EF34121ECD33CF002DC910 /* Project object */ = {
			isa = PBXProject;
			attributes = {
				LastSwiftUpdateCheck = 0830;
				LastUpgradeCheck = 1020;
				ORGANIZATIONNAME = Building42;
				TargetAttributes = {
					82EF34191ECD33CF002DC910 = {
						CreatedOnToolsVersion = 8.3.2;
						LastSwiftMigration = 1020;
						ProvisioningStyle = Automatic;
					};
				};
			};
			buildConfigurationList = 82EF34151ECD33CF002DC910 /* Build configuration list for PBXProject "tvOS Example" */;
			compatibilityVersion = "Xcode 3.2";
			developmentRegion = en;
			hasScannedForEncodings = 0;
			knownRegions = (
				en,
				Base,
			);
			mainGroup = 82EF34111ECD33CF002DC910;
			productRefGroup = 82EF341B1ECD33CF002DC910 /* Products */;
			projectDirPath = "";
			projectRoot = "";
			targets = (
				82EF34191ECD33CF002DC910 /* tvOS Example */,
			);
		};
/* End PBXProject section */

/* Begin PBXResourcesBuildPhase section */
		82EF34181ECD33CF002DC910 /* Resources */ = {
			isa = PBXResourcesBuildPhase;
			buildActionMask = 2147483647;
			files = (
				82EF34251ECD33CF002DC910 /* Assets.xcassets in Resources */,
				82EF34611ECD3C52002DC910 /* ca.der in Resources */,
				82EF34641ECD3C52002DC910 /* logo.png in Resources */,
				8284FF251ECEA49900303A00 /* index.html in Resources */,
				82EF34631ECD3C52002DC910 /* localhost.p12 in Resources */,
				82EF34231ECD33CF002DC910 /* Main.storyboard in Resources */,
			);
			runOnlyForDeploymentPostprocessing = 0;
		};
/* End PBXResourcesBuildPhase section */

/* Begin PBXShellScriptBuildPhase section */
		822E9630218CD25400567C72 /* [Carthage] Copy Frameworks */ = {
			isa = PBXShellScriptBuildPhase;
			buildActionMask = 2147483647;
			files = (
			);
			inputFileListPaths = (
			);
			inputPaths = (
				"$(SRCROOT)/../Carthage/Build/tvOS/CocoaAsyncSocket.framework",
				"$(SRCROOT)/../Carthage/Build/tvOS/HTTPParserC.framework",
			);
			name = "[Carthage] Copy Frameworks";
			outputFileListPaths = (
			);
			outputPaths = (
				"$(BUILT_PRODUCTS_DIR)/$(FRAMEWORKS_FOLDER_PATH)/CocoaAsyncSocket.framework",
				"$(BUILT_PRODUCTS_DIR)/$(FRAMEWORKS_FOLDER_PATH)/HTTPParserC.framework",
			);
			runOnlyForDeploymentPostprocessing = 0;
			shellPath = /bin/sh;
			shellScript = "carthage copy-frameworks\n";
		};
/* End PBXShellScriptBuildPhase section */

/* Begin PBXSourcesBuildPhase section */
		82EF34161ECD33CF002DC910 /* Sources */ = {
			isa = PBXSourcesBuildPhase;
			buildActionMask = 2147483647;
			files = (
				82EF34201ECD33CF002DC910 /* ViewController.swift in Sources */,
				82EF341E1ECD33CF002DC910 /* AppDelegate.swift in Sources */,
				82EF344F1ECD3B77002DC910 /* TelegraphDemo.swift in Sources */,
			);
			runOnlyForDeploymentPostprocessing = 0;
		};
/* End PBXSourcesBuildPhase section */

/* Begin PBXVariantGroup section */
		82EF34211ECD33CF002DC910 /* Main.storyboard */ = {
			isa = PBXVariantGroup;
			children = (
				82EF34221ECD33CF002DC910 /* Base */,
			);
			name = Main.storyboard;
			sourceTree = "<group>";
		};
/* End PBXVariantGroup section */

/* Begin XCBuildConfiguration section */
		82EF34271ECD33CF002DC910 /* Debug */ = {
			isa = XCBuildConfiguration;
			buildSettings = {
				ALWAYS_SEARCH_USER_PATHS = NO;
				CLANG_ANALYZER_LOCALIZABILITY_NONLOCALIZED = YES;
				CLANG_ANALYZER_NONNULL = YES;
				CLANG_ANALYZER_NUMBER_OBJECT_CONVERSION = YES_AGGRESSIVE;
				CLANG_CXX_LANGUAGE_STANDARD = "gnu++0x";
				CLANG_CXX_LIBRARY = "libc++";
				CLANG_ENABLE_MODULES = YES;
				CLANG_ENABLE_OBJC_ARC = YES;
				CLANG_WARN_BLOCK_CAPTURE_AUTORELEASING = YES;
				CLANG_WARN_BOOL_CONVERSION = YES;
				CLANG_WARN_COMMA = YES;
				CLANG_WARN_CONSTANT_CONVERSION = YES;
				CLANG_WARN_DEPRECATED_OBJC_IMPLEMENTATIONS = YES;
				CLANG_WARN_DIRECT_OBJC_ISA_USAGE = YES_ERROR;
				CLANG_WARN_DOCUMENTATION_COMMENTS = YES;
				CLANG_WARN_EMPTY_BODY = YES;
				CLANG_WARN_ENUM_CONVERSION = YES;
				CLANG_WARN_INFINITE_RECURSION = YES;
				CLANG_WARN_INT_CONVERSION = YES;
				CLANG_WARN_NON_LITERAL_NULL_CONVERSION = YES;
				CLANG_WARN_OBJC_IMPLICIT_RETAIN_SELF = YES;
				CLANG_WARN_OBJC_LITERAL_CONVERSION = YES;
				CLANG_WARN_OBJC_ROOT_CLASS = YES_ERROR;
				CLANG_WARN_RANGE_LOOP_ANALYSIS = YES;
				CLANG_WARN_STRICT_PROTOTYPES = YES;
				CLANG_WARN_SUSPICIOUS_MOVE = YES;
				CLANG_WARN_UNREACHABLE_CODE = YES;
				CLANG_WARN__DUPLICATE_METHOD_MATCH = YES;
				COPY_PHASE_STRIP = NO;
				DEBUG_INFORMATION_FORMAT = dwarf;
				ENABLE_STRICT_OBJC_MSGSEND = YES;
				ENABLE_TESTABILITY = YES;
				FRAMEWORK_SEARCH_PATHS = "$(SRCROOT)/../Carthage/Build/tvOS";
				GCC_C_LANGUAGE_STANDARD = gnu99;
				GCC_DYNAMIC_NO_PIC = NO;
				GCC_NO_COMMON_BLOCKS = YES;
				GCC_OPTIMIZATION_LEVEL = 0;
				GCC_PREPROCESSOR_DEFINITIONS = (
					"DEBUG=1",
					"$(inherited)",
				);
				GCC_WARN_64_TO_32_BIT_CONVERSION = YES;
				GCC_WARN_ABOUT_RETURN_TYPE = YES_ERROR;
				GCC_WARN_UNDECLARED_SELECTOR = YES;
				GCC_WARN_UNINITIALIZED_AUTOS = YES_AGGRESSIVE;
				GCC_WARN_UNUSED_FUNCTION = YES;
				GCC_WARN_UNUSED_VARIABLE = YES;
				MTL_ENABLE_DEBUG_INFO = YES;
				ONLY_ACTIVE_ARCH = YES;
				SDKROOT = appletvos;
				SWIFT_ACTIVE_COMPILATION_CONDITIONS = DEBUG;
				SWIFT_OPTIMIZATION_LEVEL = "-Onone";
				TARGETED_DEVICE_FAMILY = 3;
				TVOS_DEPLOYMENT_TARGET = 9.0;
			};
			name = Debug;
		};
		82EF34281ECD33CF002DC910 /* Release */ = {
			isa = XCBuildConfiguration;
			buildSettings = {
				ALWAYS_SEARCH_USER_PATHS = NO;
				CLANG_ANALYZER_LOCALIZABILITY_NONLOCALIZED = YES;
				CLANG_ANALYZER_NONNULL = YES;
				CLANG_ANALYZER_NUMBER_OBJECT_CONVERSION = YES_AGGRESSIVE;
				CLANG_CXX_LANGUAGE_STANDARD = "gnu++0x";
				CLANG_CXX_LIBRARY = "libc++";
				CLANG_ENABLE_MODULES = YES;
				CLANG_ENABLE_OBJC_ARC = YES;
				CLANG_WARN_BLOCK_CAPTURE_AUTORELEASING = YES;
				CLANG_WARN_BOOL_CONVERSION = YES;
				CLANG_WARN_COMMA = YES;
				CLANG_WARN_CONSTANT_CONVERSION = YES;
				CLANG_WARN_DEPRECATED_OBJC_IMPLEMENTATIONS = YES;
				CLANG_WARN_DIRECT_OBJC_ISA_USAGE = YES_ERROR;
				CLANG_WARN_DOCUMENTATION_COMMENTS = YES;
				CLANG_WARN_EMPTY_BODY = YES;
				CLANG_WARN_ENUM_CONVERSION = YES;
				CLANG_WARN_INFINITE_RECURSION = YES;
				CLANG_WARN_INT_CONVERSION = YES;
				CLANG_WARN_NON_LITERAL_NULL_CONVERSION = YES;
				CLANG_WARN_OBJC_IMPLICIT_RETAIN_SELF = YES;
				CLANG_WARN_OBJC_LITERAL_CONVERSION = YES;
				CLANG_WARN_OBJC_ROOT_CLASS = YES_ERROR;
				CLANG_WARN_RANGE_LOOP_ANALYSIS = YES;
				CLANG_WARN_STRICT_PROTOTYPES = YES;
				CLANG_WARN_SUSPICIOUS_MOVE = YES;
				CLANG_WARN_UNREACHABLE_CODE = YES;
				CLANG_WARN__DUPLICATE_METHOD_MATCH = YES;
				COPY_PHASE_STRIP = NO;
				DEBUG_INFORMATION_FORMAT = "dwarf-with-dsym";
				ENABLE_NS_ASSERTIONS = NO;
				ENABLE_STRICT_OBJC_MSGSEND = YES;
				FRAMEWORK_SEARCH_PATHS = "$(SRCROOT)/../Carthage/Build/tvOS";
				GCC_C_LANGUAGE_STANDARD = gnu99;
				GCC_NO_COMMON_BLOCKS = YES;
				GCC_WARN_64_TO_32_BIT_CONVERSION = YES;
				GCC_WARN_ABOUT_RETURN_TYPE = YES_ERROR;
				GCC_WARN_UNDECLARED_SELECTOR = YES;
				GCC_WARN_UNINITIALIZED_AUTOS = YES_AGGRESSIVE;
				GCC_WARN_UNUSED_FUNCTION = YES;
				GCC_WARN_UNUSED_VARIABLE = YES;
				MTL_ENABLE_DEBUG_INFO = NO;
				SDKROOT = appletvos;
				SWIFT_OPTIMIZATION_LEVEL = "-Owholemodule";
				TARGETED_DEVICE_FAMILY = 3;
				TVOS_DEPLOYMENT_TARGET = 9.0;
				VALIDATE_PRODUCT = YES;
			};
			name = Release;
		};
		82EF342A1ECD33CF002DC910 /* Debug */ = {
			isa = XCBuildConfiguration;
			buildSettings = {
				ASSETCATALOG_COMPILER_APPICON_NAME = "App Icon & Top Shelf Image";
				ASSETCATALOG_COMPILER_LAUNCHIMAGE_NAME = LaunchImage;
				INFOPLIST_FILE = "tvOS Example/Info.plist";
				LD_RUNPATH_SEARCH_PATHS = "$(inherited) @executable_path/Frameworks";
				PRODUCT_BUNDLE_IDENTIFIER = "com.Building42.Telegraph-tvOS.Example";
				PRODUCT_NAME = "$(TARGET_NAME)";
				SWIFT_VERSION = 5.0;
			};
			name = Debug;
		};
		82EF342B1ECD33CF002DC910 /* Release */ = {
			isa = XCBuildConfiguration;
			buildSettings = {
				ASSETCATALOG_COMPILER_APPICON_NAME = "App Icon & Top Shelf Image";
				ASSETCATALOG_COMPILER_LAUNCHIMAGE_NAME = LaunchImage;
				INFOPLIST_FILE = "tvOS Example/Info.plist";
				LD_RUNPATH_SEARCH_PATHS = "$(inherited) @executable_path/Frameworks";
				PRODUCT_BUNDLE_IDENTIFIER = "com.Building42.Telegraph-tvOS.Example";
				PRODUCT_NAME = "$(TARGET_NAME)";
				SWIFT_VERSION = 5.0;
			};
			name = Release;
		};
/* End XCBuildConfiguration section */

/* Begin XCConfigurationList section */
		82EF34151ECD33CF002DC910 /* Build configuration list for PBXProject "tvOS Example" */ = {
			isa = XCConfigurationList;
			buildConfigurations = (
				82EF34271ECD33CF002DC910 /* Debug */,
				82EF34281ECD33CF002DC910 /* Release */,
			);
			defaultConfigurationIsVisible = 0;
			defaultConfigurationName = Release;
		};
		82EF34291ECD33CF002DC910 /* Build configuration list for PBXNativeTarget "tvOS Example" */ = {
			isa = XCConfigurationList;
			buildConfigurations = (
				82EF342A1ECD33CF002DC910 /* Debug */,
				82EF342B1ECD33CF002DC910 /* Release */,
			);
			defaultConfigurationIsVisible = 0;
			defaultConfigurationName = Release;
		};
/* End XCConfigurationList section */
	};
	rootObject = 82EF34121ECD33CF002DC910 /* Project object */;
}
