{
  "object": {
    "pins": [
      {
        "package": "CocoaAsyncSocket",
        "repositoryURL": "https://github.com/robbiehanson/CocoaAsyncSocket",
        "state": {
          "branch": null,
          "revision": "0e00c967a010fc43ce528bd633d032f17158d393",
          "version": "7.6.4"
        }
      },
      {
        "package": "HTTPParserC",
        "repositoryURL": "https://github.com/Building42/HTTPParserC",
        "state": {
          "branch": null,
          "revision": "27a769a453f32fccd800d905fcf939bac821e4d3",
          "version": "2.9.2"
        }
      }
    ]
  },
  "version": 1
}
