PODS:
  - CocoaAsyncSocket (7.5.1):
    - CocoaAsyncSocket/GCD (= 7.5.1)
  - CocoaAsyncSocket/GCD (7.5.1)
  - HTTPParserC (2.7.2)
  - Telegraph (0.2.0):
    - CocoaAsyncSocket (~> 7.5.1)
    - HTTPParserC (~> 2.7.1)

DEPENDENCIES:
  - CocoaAsyncSocket
  - HTTPParserC
  - Telegraph (from `.`)

EXTERNAL SOURCES:
  Telegraph:
    :path: "."

SPEC CHECKSUMS:
  CocoaAsyncSocket: e0a7e93b2ffa411592ff87e58524fbbc9b95b4fa
  HTTPParserC: cf5afd173291d49b25282fbe0c289e04e0e8c8a5
  Telegraph: e56cdbc6408f179a716af5b35c7c7391e6db4102

PODFILE CHECKSUM: ef240640dff0899c4dca364cab83c6cc9f593225

COCOAPODS: 1.2.1
