PODS:
  - CocoaAsyncSocket (7.6.3)
  - HTTPParserC (2.8.1)

DEPENDENCIES:
  - CocoaAsyncSocket
  - HTTPParserC

SPEC REPOS:
  https://github.com/cocoapods/specs.git:
    - CocoaAsyncSocket
    - HTTPParserC

SPEC CHECKSUMS:
  CocoaAsyncSocket: eafaa68a7e0ec99ead0a7b35015e0bf25d2c8987
  HTTPParserC: e45768e08ed2515e79234de238b2ca8539984fed

PODFILE CHECKSUM: 9b86c1dbcf104aecc5759b2fd78f4b71e762885c

COCOAPODS: 1.5.3
