// !$*UTF8*$!
{
	archiveVersion = 1;
	classes = {
	};
	objectVersion = 46;
	objects = {

/* Begin PBXBuildFile section */
		829701641E4A6F6B00B47194 /* ca.der in Resources */ = {isa = PBXBuildFile; fileRef = 829701621E4A6F6B00B47194 /* ca.der */; };
		829701651E4A6F6B00B47194 /* localhost.p12 in Resources */ = {isa = PBXBuildFile; fileRef = 829701631E4A6F6B00B47194 /* localhost.p12 */; };
		829701681E4A6FA600B47194 /* localhost.der in Resources */ = {isa = PBXBuildFile; fileRef = 829701671E4A6FA300B47194 /* localhost.der */; };
		82F0507D1E498327003E8EA1 /* AppDelegate.swift in Sources */ = {isa = PBXBuildFile; fileRef = 82F050751E498327003E8EA1 /* AppDelegate.swift */; };
		82F0507E1E498327003E8EA1 /* Assets.xcassets in Resources */ = {isa = PBXBuildFile; fileRef = 82F050761E498327003E8EA1 /* Assets.xcassets */; };
		82F0507F1E498327003E8EA1 /* LaunchScreen.storyboard in Resources */ = {isa = PBXBuildFile; fileRef = 82F050771E498327003E8EA1 /* LaunchScreen.storyboard */; };
		82F050801E498327003E8EA1 /* Main.storyboard in Resources */ = {isa = PBXBuildFile; fileRef = 82F050791E498327003E8EA1 /* Main.storyboard */; };
		82F050821E498327003E8EA1 /* ViewController.swift in Sources */ = {isa = PBXBuildFile; fileRef = 82F0507C1E498327003E8EA1 /* ViewController.swift */; };
		D9899E0F1DF4A8B0008766B5 /* Telegraph.framework in Frameworks */ = {isa = PBXBuildFile; fileRef = D9899E0E1DF4A8B0008766B5 /* Telegraph.framework */; };
		FB57B30CACB55219AEAC29C3 /* Pods_iOS_Example.framework in Frameworks */ = {isa = PBXBuildFile; fileRef = 4E34E254597A30A3B8A9026B /* Pods_iOS_Example.framework */; };
/* End PBXBuildFile section */

/* Begin PBXFileReference section */
		4E34E254597A30A3B8A9026B /* Pods_iOS_Example.framework */ = {isa = PBXFileReference; explicitFileType = wrapper.framework; includeInIndex = 0; path = Pods_iOS_Example.framework; sourceTree = BUILT_PRODUCTS_DIR; };
		500F6F6DA73AD959FD6E5610 /* Pods-iOS Example.debug.xcconfig */ = {isa = PBXFileReference; includeInIndex = 1; lastKnownFileType = text.xcconfig; name = "Pods-iOS Example.debug.xcconfig"; path = "Pods/Target Support Files/Pods-iOS Example/Pods-iOS Example.debug.xcconfig"; sourceTree = "<group>"; };
		60AAF1B7488C7DBFCEEA3C00 /* Pods-iOS Example.release.xcconfig */ = {isa = PBXFileReference; includeInIndex = 1; lastKnownFileType = text.xcconfig; name = "Pods-iOS Example.release.xcconfig"; path = "Pods/Target Support Files/Pods-iOS Example/Pods-iOS Example.release.xcconfig"; sourceTree = "<group>"; };
		829701621E4A6F6B00B47194 /* ca.der */ = {isa = PBXFileReference; lastKnownFileType = file; name = ca.der; path = TelegraphTests/Resources/ca.der; sourceTree = SOURCE_ROOT; };
		829701631E4A6F6B00B47194 /* localhost.p12 */ = {isa = PBXFileReference; lastKnownFileType = file; name = localhost.p12; path = TelegraphTests/Resources/localhost.p12; sourceTree = SOURCE_ROOT; };
		829701671E4A6FA300B47194 /* localhost.der */ = {isa = PBXFileReference; lastKnownFileType = file; name = localhost.der; path = TelegraphTests/Resources/localhost.der; sourceTree = SOURCE_ROOT; };
		82F050751E498327003E8EA1 /* AppDelegate.swift */ = {isa = PBXFileReference; fileEncoding = 4; lastKnownFileType = sourcecode.swift; path = AppDelegate.swift; sourceTree = "<group>"; };
		82F050761E498327003E8EA1 /* Assets.xcassets */ = {isa = PBXFileReference; lastKnownFileType = folder.assetcatalog; path = Assets.xcassets; sourceTree = "<group>"; };
		82F050781E498327003E8EA1 /* Base */ = {isa = PBXFileReference; lastKnownFileType = file.storyboard; name = Base; path = Base.lproj/LaunchScreen.storyboard; sourceTree = "<group>"; };
		82F0507A1E498327003E8EA1 /* Base */ = {isa = PBXFileReference; lastKnownFileType = file.storyboard; name = Base; path = Base.lproj/Main.storyboard; sourceTree = "<group>"; };
		82F0507B1E498327003E8EA1 /* Info.plist */ = {isa = PBXFileReference; fileEncoding = 4; lastKnownFileType = text.plist.xml; path = Info.plist; sourceTree = "<group>"; };
		82F0507C1E498327003E8EA1 /* ViewController.swift */ = {isa = PBXFileReference; fileEncoding = 4; lastKnownFileType = sourcecode.swift; path = ViewController.swift; sourceTree = "<group>"; };
		D9899DF21DF4A53C008766B5 /* iOS Example.app */ = {isa = PBXFileReference; explicitFileType = wrapper.application; includeInIndex = 0; path = "iOS Example.app"; sourceTree = BUILT_PRODUCTS_DIR; };
		D9899E0E1DF4A8B0008766B5 /* Telegraph.framework */ = {isa = PBXFileReference; lastKnownFileType = wrapper.framework; name = Telegraph.framework; path = "../../../Library/Developer/Xcode/DerivedData/Telegraph-ghiobiksiyymbygbpisckcynbsdi/Build/Products/Debug-iphonesimulator/Telegraph.framework"; sourceTree = "<group>"; };
/* End PBXFileReference section */

/* Begin PBXFrameworksBuildPhase section */
		D9899DEF1DF4A53C008766B5 /* Frameworks */ = {
			isa = PBXFrameworksBuildPhase;
			buildActionMask = 2147483647;
			files = (
				D9899E0F1DF4A8B0008766B5 /* Telegraph.framework in Frameworks */,
				FB57B30CACB55219AEAC29C3 /* Pods_iOS_Example.framework in Frameworks */,
			);
			runOnlyForDeploymentPostprocessing = 0;
		};
/* End PBXFrameworksBuildPhase section */

/* Begin PBXGroup section */
		82F050741E498327003E8EA1 /* Source */ = {
			isa = PBXGroup;
			children = (
				82F050751E498327003E8EA1 /* AppDelegate.swift */,
				82F0507C1E498327003E8EA1 /* ViewController.swift */,
				82F050761E498327003E8EA1 /* Assets.xcassets */,
				82F050771E498327003E8EA1 /* LaunchScreen.storyboard */,
				82F050791E498327003E8EA1 /* Main.storyboard */,
				82F0507B1E498327003E8EA1 /* Info.plist */,
			);
			name = Source;
			path = "iOS Example/Source";
			sourceTree = "<group>";
		};
		82F050BE1E49850C003E8EA1 /* Resources */ = {
			isa = PBXGroup;
			children = (
				829701621E4A6F6B00B47194 /* ca.der */,
				829701671E4A6FA300B47194 /* localhost.der */,
				829701631E4A6F6B00B47194 /* localhost.p12 */,
			);
			name = Resources;
			path = "iOS Example/Resources";
			sourceTree = "<group>";
		};
		9134851D83C3D5FAEAD680FC /* Pods */ = {
			isa = PBXGroup;
			children = (
				500F6F6DA73AD959FD6E5610 /* Pods-iOS Example.debug.xcconfig */,
				60AAF1B7488C7DBFCEEA3C00 /* Pods-iOS Example.release.xcconfig */,
			);
			name = Pods;
			sourceTree = "<group>";
		};
		D9899DE91DF4A53C008766B5 = {
			isa = PBXGroup;
			children = (
				82F050741E498327003E8EA1 /* Source */,
				82F050BE1E49850C003E8EA1 /* Resources */,
				D9899DF31DF4A53C008766B5 /* Products */,
				D9899E0D1DF4A8B0008766B5 /* Frameworks */,
				9134851D83C3D5FAEAD680FC /* Pods */,
			);
			sourceTree = "<group>";
		};
		D9899DF31DF4A53C008766B5 /* Products */ = {
			isa = PBXGroup;
			children = (
				D9899DF21DF4A53C008766B5 /* iOS Example.app */,
			);
			name = Products;
			sourceTree = "<group>";
		};
		D9899E0D1DF4A8B0008766B5 /* Frameworks */ = {
			isa = PBXGroup;
			children = (
				D9899E0E1DF4A8B0008766B5 /* Telegraph.framework */,
				4E34E254597A30A3B8A9026B /* Pods_iOS_Example.framework */,
			);
			name = Frameworks;
			sourceTree = "<group>";
		};
/* End PBXGroup section */

/* Begin PBXNativeTarget section */
		D9899DF11DF4A53C008766B5 /* iOS Example */ = {
			isa = PBXNativeTarget;
			buildConfigurationList = D9899E041DF4A53C008766B5 /* Build configuration list for PBXNativeTarget "iOS Example" */;
			buildPhases = (
				DB6AFD8709D060DCD8134ACA /* [CP] Check Pods Manifest.lock */,
				D9899DEE1DF4A53C008766B5 /* Sources */,
				D9899DEF1DF4A53C008766B5 /* Frameworks */,
				D9899DF01DF4A53C008766B5 /* Resources */,
				5853072E158DF44295C65D20 /* [CP] Embed Pods Frameworks */,
				FC6F68F9A66FD8802151ED51 /* [CP] Copy Pods Resources */,
			);
			buildRules = (
			);
			dependencies = (
			);
			name = "iOS Example";
			productName = "iOS Example";
			productReference = D9899DF21DF4A53C008766B5 /* iOS Example.app */;
			productType = "com.apple.product-type.application";
		};
/* End PBXNativeTarget section */

/* Begin PBXProject section */
		D9899DEA1DF4A53C008766B5 /* Project object */ = {
			isa = PBXProject;
			attributes = {
				LastSwiftUpdateCheck = 0810;
				LastUpgradeCheck = 0820;
				ORGANIZATIONNAME = Building42;
				TargetAttributes = {
					D9899DF11DF4A53C008766B5 = {
						CreatedOnToolsVersion = 8.1;
						ProvisioningStyle = Automatic;
					};
				};
			};
			buildConfigurationList = D9899DED1DF4A53C008766B5 /* Build configuration list for PBXProject "iOS Example" */;
			compatibilityVersion = "Xcode 3.2";
			developmentRegion = English;
			hasScannedForEncodings = 0;
			knownRegions = (
				en,
				Base,
			);
			mainGroup = D9899DE91DF4A53C008766B5;
			productRefGroup = D9899DF31DF4A53C008766B5 /* Products */;
			projectDirPath = "";
			projectRoot = "";
			targets = (
				D9899DF11DF4A53C008766B5 /* iOS Example */,
			);
		};
/* End PBXProject section */

/* Begin PBXResourcesBuildPhase section */
		D9899DF01DF4A53C008766B5 /* Resources */ = {
			isa = PBXResourcesBuildPhase;
			buildActionMask = 2147483647;
			files = (
				82F050801E498327003E8EA1 /* Main.storyboard in Resources */,
				829701681E4A6FA600B47194 /* localhost.der in Resources */,
				82F0507F1E498327003E8EA1 /* LaunchScreen.storyboard in Resources */,
				82F0507E1E498327003E8EA1 /* Assets.xcassets in Resources */,
				829701651E4A6F6B00B47194 /* localhost.p12 in Resources */,
				829701641E4A6F6B00B47194 /* ca.der in Resources */,
			);
			runOnlyForDeploymentPostprocessing = 0;
		};
/* End PBXResourcesBuildPhase section */

/* Begin PBXShellScriptBuildPhase section */
		5853072E158DF44295C65D20 /* [CP] Embed Pods Frameworks */ = {
			isa = PBXShellScriptBuildPhase;
			buildActionMask = 2147483647;
			files = (
			);
			inputPaths = (
			);
			name = "[CP] Embed Pods Frameworks";
			outputPaths = (
			);
			runOnlyForDeploymentPostprocessing = 0;
			shellPath = /bin/sh;
			shellScript = "\"${SRCROOT}/Pods/Target Support Files/Pods-iOS Example/Pods-iOS Example-frameworks.sh\"\n";
			showEnvVarsInLog = 0;
		};
		DB6AFD8709D060DCD8134ACA /* [CP] Check Pods Manifest.lock */ = {
			isa = PBXShellScriptBuildPhase;
			buildActionMask = 2147483647;
			files = (
			);
			inputPaths = (
			);
			name = "[CP] Check Pods Manifest.lock";
			outputPaths = (
			);
			runOnlyForDeploymentPostprocessing = 0;
			shellPath = /bin/sh;
			shellScript = "diff \"${PODS_PODFILE_DIR_PATH}/Podfile.lock\" \"${PODS_ROOT}/Manifest.lock\" > /dev/null\nif [ $? != 0 ] ; then\n    # print error to STDERR\n    echo \"error: The sandbox is not in sync with the Podfile.lock. Run 'pod install' or update your CocoaPods installation.\" >&2\n    exit 1\nfi\n";
			showEnvVarsInLog = 0;
		};
		FC6F68F9A66FD8802151ED51 /* [CP] Copy Pods Resources */ = {
			isa = PBXShellScriptBuildPhase;
			buildActionMask = 2147483647;
			files = (
			);
			inputPaths = (
			);
			name = "[CP] Copy Pods Resources";
			outputPaths = (
			);
			runOnlyForDeploymentPostprocessing = 0;
			shellPath = /bin/sh;
			shellScript = "\"${SRCROOT}/Pods/Target Support Files/Pods-iOS Example/Pods-iOS Example-resources.sh\"\n";
			showEnvVarsInLog = 0;
		};
/* End PBXShellScriptBuildPhase section */

/* Begin PBXSourcesBuildPhase section */
		D9899DEE1DF4A53C008766B5 /* Sources */ = {
			isa = PBXSourcesBuildPhase;
			buildActionMask = 2147483647;
			files = (
				82F050821E498327003E8EA1 /* ViewController.swift in Sources */,
				82F0507D1E498327003E8EA1 /* AppDelegate.swift in Sources */,
			);
			runOnlyForDeploymentPostprocessing = 0;
		};
/* End PBXSourcesBuildPhase section */

/* Begin PBXVariantGroup section */
		82F050771E498327003E8EA1 /* LaunchScreen.storyboard */ = {
			isa = PBXVariantGroup;
			children = (
				82F050781E498327003E8EA1 /* Base */,
			);
			name = LaunchScreen.storyboard;
			sourceTree = "<group>";
		};
		82F050791E498327003E8EA1 /* Main.storyboard */ = {
			isa = PBXVariantGroup;
			children = (
				82F0507A1E498327003E8EA1 /* Base */,
			);
			name = Main.storyboard;
			sourceTree = "<group>";
		};
/* End PBXVariantGroup section */

/* Begin XCBuildConfiguration section */
		D9899E021DF4A53C008766B5 /* Debug */ = {
			isa = XCBuildConfiguration;
			buildSettings = {
				ALWAYS_SEARCH_USER_PATHS = NO;
				CLANG_ANALYZER_NONNULL = YES;
				CLANG_CXX_LANGUAGE_STANDARD = "gnu++0x";
				CLANG_CXX_LIBRARY = "libc++";
				CLANG_ENABLE_MODULES = YES;
				CLANG_ENABLE_OBJC_ARC = YES;
				CLANG_WARN_BOOL_CONVERSION = YES;
				CLANG_WARN_CONSTANT_CONVERSION = YES;
				CLANG_WARN_DIRECT_OBJC_ISA_USAGE = YES_ERROR;
				CLANG_WARN_DOCUMENTATION_COMMENTS = YES;
				CLANG_WARN_EMPTY_BODY = YES;
				CLANG_WARN_ENUM_CONVERSION = YES;
				CLANG_WARN_INFINITE_RECURSION = YES;
				CLANG_WARN_INT_CONVERSION = YES;
				CLANG_WARN_OBJC_ROOT_CLASS = YES_ERROR;
				CLANG_WARN_SUSPICIOUS_MOVE = YES;
				CLANG_WARN_SUSPICIOUS_MOVES = YES;
				CLANG_WARN_UNREACHABLE_CODE = YES;
				CLANG_WARN__DUPLICATE_METHOD_MATCH = YES;
				"CODE_SIGN_IDENTITY[sdk=iphoneos*]" = "iPhone Developer";
				COPY_PHASE_STRIP = NO;
				DEBUG_INFORMATION_FORMAT = dwarf;
				ENABLE_STRICT_OBJC_MSGSEND = YES;
				ENABLE_TESTABILITY = YES;
				GCC_C_LANGUAGE_STANDARD = gnu99;
				GCC_DYNAMIC_NO_PIC = NO;
				GCC_NO_COMMON_BLOCKS = YES;
				GCC_OPTIMIZATION_LEVEL = 0;
				GCC_PREPROCESSOR_DEFINITIONS = (
					"DEBUG=1",
					"$(inherited)",
				);
				GCC_WARN_64_TO_32_BIT_CONVERSION = YES;
				GCC_WARN_ABOUT_RETURN_TYPE = YES_ERROR;
				GCC_WARN_UNDECLARED_SELECTOR = YES;
				GCC_WARN_UNINITIALIZED_AUTOS = YES_AGGRESSIVE;
				GCC_WARN_UNUSED_FUNCTION = YES;
				GCC_WARN_UNUSED_VARIABLE = YES;
				IPHONEOS_DEPLOYMENT_TARGET = 10.1;
				MTL_ENABLE_DEBUG_INFO = YES;
				ONLY_ACTIVE_ARCH = YES;
				SDKROOT = iphoneos;
				SWIFT_ACTIVE_COMPILATION_CONDITIONS = DEBUG;
				SWIFT_OPTIMIZATION_LEVEL = "-Onone";
				TARGETED_DEVICE_FAMILY = "1,2";
			};
			name = Debug;
		};
		D9899E031DF4A53C008766B5 /* Release */ = {
			isa = XCBuildConfiguration;
			buildSettings = {
				ALWAYS_SEARCH_USER_PATHS = NO;
				CLANG_ANALYZER_NONNULL = YES;
				CLANG_CXX_LANGUAGE_STANDARD = "gnu++0x";
				CLANG_CXX_LIBRARY = "libc++";
				CLANG_ENABLE_MODULES = YES;
				CLANG_ENABLE_OBJC_ARC = YES;
				CLANG_WARN_BOOL_CONVERSION = YES;
				CLANG_WARN_CONSTANT_CONVERSION = YES;
				CLANG_WARN_DIRECT_OBJC_ISA_USAGE = YES_ERROR;
				CLANG_WARN_DOCUMENTATION_COMMENTS = YES;
				CLANG_WARN_EMPTY_BODY = YES;
				CLANG_WARN_ENUM_CONVERSION = YES;
				CLANG_WARN_INFINITE_RECURSION = YES;
				CLANG_WARN_INT_CONVERSION = YES;
				CLANG_WARN_OBJC_ROOT_CLASS = YES_ERROR;
				CLANG_WARN_SUSPICIOUS_MOVE = YES;
				CLANG_WARN_SUSPICIOUS_MOVES = YES;
				CLANG_WARN_UNREACHABLE_CODE = YES;
				CLANG_WARN__DUPLICATE_METHOD_MATCH = YES;
				"CODE_SIGN_IDENTITY[sdk=iphoneos*]" = "iPhone Developer";
				COPY_PHASE_STRIP = NO;
				DEBUG_INFORMATION_FORMAT = "dwarf-with-dsym";
				ENABLE_NS_ASSERTIONS = NO;
				ENABLE_STRICT_OBJC_MSGSEND = YES;
				GCC_C_LANGUAGE_STANDARD = gnu99;
				GCC_NO_COMMON_BLOCKS = YES;
				GCC_WARN_64_TO_32_BIT_CONVERSION = YES;
				GCC_WARN_ABOUT_RETURN_TYPE = YES_ERROR;
				GCC_WARN_UNDECLARED_SELECTOR = YES;
				GCC_WARN_UNINITIALIZED_AUTOS = YES_AGGRESSIVE;
				GCC_WARN_UNUSED_FUNCTION = YES;
				GCC_WARN_UNUSED_VARIABLE = YES;
				IPHONEOS_DEPLOYMENT_TARGET = 10.1;
				MTL_ENABLE_DEBUG_INFO = NO;
				SDKROOT = iphoneos;
				SWIFT_OPTIMIZATION_LEVEL = "-Owholemodule";
				TARGETED_DEVICE_FAMILY = "1,2";
				VALIDATE_PRODUCT = YES;
			};
			name = Release;
		};
		D9899E051DF4A53C008766B5 /* Debug */ = {
			isa = XCBuildConfiguration;
			baseConfigurationReference = 500F6F6DA73AD959FD6E5610 /* Pods-iOS Example.debug.xcconfig */;
			buildSettings = {
				ASSETCATALOG_COMPILER_APPICON_NAME = AppIcon;
				DEVELOPMENT_TEAM = "";
				INFOPLIST_FILE = "$(SRCROOT)/iOS Example/Source/Info.plist";
				IPHONEOS_DEPLOYMENT_TARGET = 9.3;
				LD_RUNPATH_SEARCH_PATHS = "$(inherited) @executable_path/Frameworks";
				PRODUCT_BUNDLE_IDENTIFIER = com.Building42.iOSExample;
				PRODUCT_NAME = "$(TARGET_NAME)";
				SWIFT_VERSION = 3.0;
			};
			name = Debug;
		};
		D9899E061DF4A53C008766B5 /* Release */ = {
			isa = XCBuildConfiguration;
			baseConfigurationReference = 60AAF1B7488C7DBFCEEA3C00 /* Pods-iOS Example.release.xcconfig */;
			buildSettings = {
				ASSETCATALOG_COMPILER_APPICON_NAME = AppIcon;
				DEVELOPMENT_TEAM = "";
				INFOPLIST_FILE = "$(SRCROOT)/iOS Example/Source/Info.plist";
				IPHONEOS_DEPLOYMENT_TARGET = 9.3;
				LD_RUNPATH_SEARCH_PATHS = "$(inherited) @executable_path/Frameworks";
				PRODUCT_BUNDLE_IDENTIFIER = com.Building42.iOSExample;
				PRODUCT_NAME = "$(TARGET_NAME)";
				SWIFT_VERSION = 3.0;
			};
			name = Release;
		};
/* End XCBuildConfiguration section */

/* Begin XCConfigurationList section */
		D9899DED1DF4A53C008766B5 /* Build configuration list for PBXProject "iOS Example" */ = {
			isa = XCConfigurationList;
			buildConfigurations = (
				D9899E021DF4A53C008766B5 /* Debug */,
				D9899E031DF4A53C008766B5 /* Release */,
			);
			defaultConfigurationIsVisible = 0;
			defaultConfigurationName = Release;
		};
		D9899E041DF4A53C008766B5 /* Build configuration list for PBXNativeTarget "iOS Example" */ = {
			isa = XCConfigurationList;
			buildConfigurations = (
				D9899E051DF4A53C008766B5 /* Debug */,
				D9899E061DF4A53C008766B5 /* Release */,
			);
			defaultConfigurationIsVisible = 0;
			defaultConfigurationName = Release;
		};
/* End XCConfigurationList section */
	};
	rootObject = D9899DEA1DF4A53C008766B5 /* Project object */;
}
