// !$*UTF8*$!
{
	archiveVersion = 1;
	classes = {
	};
	objectVersion = 46;
	objects = {

/* Begin PBXBuildFile section */
		77AAA3293F8ACE6D23224109 /* Pods_iOS_Example.framework in Frameworks */ = {isa = PBXBuildFile; fileRef = 4E31F60F7EFAD4F6B9AD2BDC /* Pods_iOS_Example.framework */; };
		8292B3B31EBE71DB005303A3 /* AppDelegate.swift in Sources */ = {isa = PBXBuildFile; fileRef = 8292B3AF1EBE71DB005303A3 /* AppDelegate.swift */; };
		8292B3B61EBE71DB005303A3 /* ViewController.swift in Sources */ = {isa = PBXBuildFile; fileRef = 8292B3B21EBE71DB005303A3 /* ViewController.swift */; };
		8292B3BD1EBE7212005303A3 /* ca.der in Resources */ = {isa = PBXBuildFile; fileRef = 8292B3B81EBE7212005303A3 /* ca.der */; };
		8292B3BF1EBE7212005303A3 /* localhost.p12 in Resources */ = {isa = PBXBuildFile; fileRef = 8292B3BA1EBE7212005303A3 /* localhost.p12 */; };
		8292B3C01EBE7212005303A3 /* logo.png in Resources */ = {isa = PBXBuildFile; fileRef = 8292B3BB1EBE7212005303A3 /* logo.png */; };
		8292B3D31EBE747A005303A3 /* LaunchScreen.storyboard in Resources */ = {isa = PBXBuildFile; fileRef = 8292B3D11EBE747A005303A3 /* LaunchScreen.storyboard */; };
		8292B3D41EBE747A005303A3 /* Main.storyboard in Resources */ = {isa = PBXBuildFile; fileRef = 8292B3D21EBE747A005303A3 /* Main.storyboard */; };
/* End PBXBuildFile section */

/* Begin PBXFileReference section */
		24C1EF2CF91078B034DEF7E6 /* Pods-iOS Example.debug.xcconfig */ = {isa = PBXFileReference; includeInIndex = 1; lastKnownFileType = text.xcconfig; name = "Pods-iOS Example.debug.xcconfig"; path = "../Pods/Target Support Files/Pods-iOS Example/Pods-iOS Example.debug.xcconfig"; sourceTree = "<group>"; };
		4E31F60F7EFAD4F6B9AD2BDC /* Pods_iOS_Example.framework */ = {isa = PBXFileReference; explicitFileType = wrapper.framework; includeInIndex = 0; path = Pods_iOS_Example.framework; sourceTree = BUILT_PRODUCTS_DIR; };
		8292B3901EBE70C5005303A3 /* iOS Example.app */ = {isa = PBXFileReference; explicitFileType = wrapper.application; includeInIndex = 0; path = "iOS Example.app"; sourceTree = BUILT_PRODUCTS_DIR; };
		8292B39F1EBE70C5005303A3 /* Info.plist */ = {isa = PBXFileReference; lastKnownFileType = text.plist.xml; name = Info.plist; path = "iOS Example/Info.plist"; sourceTree = "<group>"; };
		8292B3AF1EBE71DB005303A3 /* AppDelegate.swift */ = {isa = PBXFileReference; fileEncoding = 4; lastKnownFileType = sourcecode.swift; path = AppDelegate.swift; sourceTree = "<group>"; };
		8292B3B21EBE71DB005303A3 /* ViewController.swift */ = {isa = PBXFileReference; fileEncoding = 4; lastKnownFileType = sourcecode.swift; path = ViewController.swift; sourceTree = "<group>"; };
		8292B3B81EBE7212005303A3 /* ca.der */ = {isa = PBXFileReference; lastKnownFileType = file; path = ca.der; sourceTree = "<group>"; };
		8292B3BA1EBE7212005303A3 /* localhost.p12 */ = {isa = PBXFileReference; lastKnownFileType = file; path = localhost.p12; sourceTree = "<group>"; };
		8292B3BB1EBE7212005303A3 /* logo.png */ = {isa = PBXFileReference; lastKnownFileType = image.png; path = logo.png; sourceTree = "<group>"; };
		8292B3D11EBE747A005303A3 /* LaunchScreen.storyboard */ = {isa = PBXFileReference; fileEncoding = 4; lastKnownFileType = file.storyboard; name = LaunchScreen.storyboard; path = "iOS Example/LaunchScreen.storyboard"; sourceTree = "<group>"; };
		8292B3D21EBE747A005303A3 /* Main.storyboard */ = {isa = PBXFileReference; fileEncoding = 4; lastKnownFileType = file.storyboard; name = Main.storyboard; path = "iOS Example/Main.storyboard"; sourceTree = "<group>"; };
		8C61B08A10D94728CE856F71 /* Pods-iOS Example.release.xcconfig */ = {isa = PBXFileReference; includeInIndex = 1; lastKnownFileType = text.xcconfig; name = "Pods-iOS Example.release.xcconfig"; path = "../Pods/Target Support Files/Pods-iOS Example/Pods-iOS Example.release.xcconfig"; sourceTree = "<group>"; };
/* End PBXFileReference section */

/* Begin PBXFrameworksBuildPhase section */
		8292B38D1EBE70C5005303A3 /* Frameworks */ = {
			isa = PBXFrameworksBuildPhase;
			buildActionMask = 2147483647;
			files = (
				77AAA3293F8ACE6D23224109 /* Pods_iOS_Example.framework in Frameworks */,
			);
			runOnlyForDeploymentPostprocessing = 0;
		};
/* End PBXFrameworksBuildPhase section */

/* Begin PBXGroup section */
		3C84EB915B83876F25E9EC11 /* Pods */ = {
			isa = PBXGroup;
			children = (
				24C1EF2CF91078B034DEF7E6 /* Pods-iOS Example.debug.xcconfig */,
				8C61B08A10D94728CE856F71 /* Pods-iOS Example.release.xcconfig */,
			);
			name = Pods;
			sourceTree = "<group>";
		};
		8292B3871EBE70C5005303A3 = {
			isa = PBXGroup;
			children = (
				8292B39F1EBE70C5005303A3 /* Info.plist */,
				8292B3D11EBE747A005303A3 /* LaunchScreen.storyboard */,
				8292B3D21EBE747A005303A3 /* Main.storyboard */,
				8292B3AE1EBE71DB005303A3 /* Source */,
				8292B3B71EBE7212005303A3 /* Resources */,
				8292B3911EBE70C5005303A3 /* Products */,
				3C84EB915B83876F25E9EC11 /* Pods */,
				C9253F3AF077A8E83F8C4EF4 /* Frameworks */,
			);
			sourceTree = "<group>";
		};
		8292B3911EBE70C5005303A3 /* Products */ = {
			isa = PBXGroup;
			children = (
				8292B3901EBE70C5005303A3 /* iOS Example.app */,
			);
			name = Products;
			sourceTree = "<group>";
		};
		8292B3AE1EBE71DB005303A3 /* Source */ = {
			isa = PBXGroup;
			children = (
				8292B3AF1EBE71DB005303A3 /* AppDelegate.swift */,
				8292B3B21EBE71DB005303A3 /* ViewController.swift */,
			);
			path = Source;
			sourceTree = "<group>";
		};
		8292B3B71EBE7212005303A3 /* Resources */ = {
			isa = PBXGroup;
			children = (
				8292B3B81EBE7212005303A3 /* ca.der */,
				8292B3BA1EBE7212005303A3 /* localhost.p12 */,
				8292B3BB1EBE7212005303A3 /* logo.png */,
			);
			name = Resources;
			path = ../Resources;
			sourceTree = "<group>";
		};
		C9253F3AF077A8E83F8C4EF4 /* Frameworks */ = {
			isa = PBXGroup;
			children = (
				4E31F60F7EFAD4F6B9AD2BDC /* Pods_iOS_Example.framework */,
			);
			name = Frameworks;
			sourceTree = "<group>";
		};
/* End PBXGroup section */

/* Begin PBXNativeTarget section */
		8292B38F1EBE70C5005303A3 /* iOS Example */ = {
			isa = PBXNativeTarget;
			buildConfigurationList = 8292B3A21EBE70C5005303A3 /* Build configuration list for PBXNativeTarget "iOS Example" */;
			buildPhases = (
				6D82DF9114AB44A224BCF6F0 /* [CP] Check Pods Manifest.lock */,
				8292B38C1EBE70C5005303A3 /* Sources */,
				8292B38D1EBE70C5005303A3 /* Frameworks */,
				8292B38E1EBE70C5005303A3 /* Resources */,
				7A42A7B925C05EB4244468B5 /* [CP] Embed Pods Frameworks */,
				E0917423F7ED1B0CCF9682C6 /* [CP] Copy Pods Resources */,
			);
			buildRules = (
			);
			dependencies = (
			);
			name = "iOS Example";
			productName = "iOS Example";
			productReference = 8292B3901EBE70C5005303A3 /* iOS Example.app */;
			productType = "com.apple.product-type.application";
		};
/* End PBXNativeTarget section */

/* Begin PBXProject section */
		8292B3881EBE70C5005303A3 /* Project object */ = {
			isa = PBXProject;
			attributes = {
				LastSwiftUpdateCheck = 0830;
				LastUpgradeCheck = 0830;
				ORGANIZATIONNAME = Building42;
				TargetAttributes = {
					8292B38F1EBE70C5005303A3 = {
						CreatedOnToolsVersion = 8.3.2;
						ProvisioningStyle = Automatic;
					};
				};
			};
			buildConfigurationList = 8292B38B1EBE70C5005303A3 /* Build configuration list for PBXProject "iOS Example" */;
			compatibilityVersion = "Xcode 3.2";
			developmentRegion = English;
			hasScannedForEncodings = 0;
			knownRegions = (
				en,
				Base,
			);
			mainGroup = 8292B3871EBE70C5005303A3;
			productRefGroup = 8292B3911EBE70C5005303A3 /* Products */;
			projectDirPath = "";
			projectRoot = "";
			targets = (
				8292B38F1EBE70C5005303A3 /* iOS Example */,
			);
		};
/* End PBXProject section */

/* Begin PBXResourcesBuildPhase section */
		8292B38E1EBE70C5005303A3 /* Resources */ = {
			isa = PBXResourcesBuildPhase;
			buildActionMask = 2147483647;
			files = (
				8292B3BD1EBE7212005303A3 /* ca.der in Resources */,
				8292B3D41EBE747A005303A3 /* Main.storyboard in Resources */,
				8292B3D31EBE747A005303A3 /* LaunchScreen.storyboard in Resources */,
				8292B3C01EBE7212005303A3 /* logo.png in Resources */,
				8292B3BF1EBE7212005303A3 /* localhost.p12 in Resources */,
			);
			runOnlyForDeploymentPostprocessing = 0;
		};
/* End PBXResourcesBuildPhase section */

/* Begin PBXShellScriptBuildPhase section */
		6D82DF9114AB44A224BCF6F0 /* [CP] Check Pods Manifest.lock */ = {
			isa = PBXShellScriptBuildPhase;
			buildActionMask = 2147483647;
			files = (
			);
			inputPaths = (
			);
			name = "[CP] Check Pods Manifest.lock";
			outputPaths = (
			);
			runOnlyForDeploymentPostprocessing = 0;
			shellPath = /bin/sh;
			shellScript = "diff \"${PODS_PODFILE_DIR_PATH}/Podfile.lock\" \"${PODS_ROOT}/Manifest.lock\" > /dev/null\nif [ $? != 0 ] ; then\n    # print error to STDERR\n    echo \"error: The sandbox is not in sync with the Podfile.lock. Run 'pod install' or update your CocoaPods installation.\" >&2\n    exit 1\nfi\n";
			showEnvVarsInLog = 0;
		};
		7A42A7B925C05EB4244468B5 /* [CP] Embed Pods Frameworks */ = {
			isa = PBXShellScriptBuildPhase;
			buildActionMask = 2147483647;
			files = (
			);
			inputPaths = (
			);
			name = "[CP] Embed Pods Frameworks";
			outputPaths = (
			);
			runOnlyForDeploymentPostprocessing = 0;
			shellPath = /bin/sh;
			shellScript = "\"${SRCROOT}/../Pods/Target Support Files/Pods-iOS Example/Pods-iOS Example-frameworks.sh\"\n";
			showEnvVarsInLog = 0;
		};
		E0917423F7ED1B0CCF9682C6 /* [CP] Copy Pods Resources */ = {
			isa = PBXShellScriptBuildPhase;
			buildActionMask = 2147483647;
			files = (
			);
			inputPaths = (
			);
			name = "[CP] Copy Pods Resources";
			outputPaths = (
			);
			runOnlyForDeploymentPostprocessing = 0;
			shellPath = /bin/sh;
			shellScript = "\"${SRCROOT}/../Pods/Target Support Files/Pods-iOS Example/Pods-iOS Example-resources.sh\"\n";
			showEnvVarsInLog = 0;
		};
/* End PBXShellScriptBuildPhase section */

/* Begin PBXSourcesBuildPhase section */
		8292B38C1EBE70C5005303A3 /* Sources */ = {
			isa = PBXSourcesBuildPhase;
			buildActionMask = 2147483647;
			files = (
				8292B3B61EBE71DB005303A3 /* ViewController.swift in Sources */,
				8292B3B31EBE71DB005303A3 /* AppDelegate.swift in Sources */,
			);
			runOnlyForDeploymentPostprocessing = 0;
		};
/* End PBXSourcesBuildPhase section */

/* Begin XCBuildConfiguration section */
		8292B3A01EBE70C5005303A3 /* Debug */ = {
			isa = XCBuildConfiguration;
			buildSettings = {
				ALWAYS_SEARCH_USER_PATHS = NO;
				CLANG_ANALYZER_NONNULL = YES;
				CLANG_ANALYZER_NUMBER_OBJECT_CONVERSION = YES_AGGRESSIVE;
				CLANG_CXX_LANGUAGE_STANDARD = "gnu++0x";
				CLANG_CXX_LIBRARY = "libc++";
				CLANG_ENABLE_MODULES = YES;
				CLANG_ENABLE_OBJC_ARC = YES;
				CLANG_WARN_BOOL_CONVERSION = YES;
				CLANG_WARN_CONSTANT_CONVERSION = YES;
				CLANG_WARN_DIRECT_OBJC_ISA_USAGE = YES_ERROR;
				CLANG_WARN_DOCUMENTATION_COMMENTS = YES;
				CLANG_WARN_EMPTY_BODY = YES;
				CLANG_WARN_ENUM_CONVERSION = YES;
				CLANG_WARN_INFINITE_RECURSION = YES;
				CLANG_WARN_INT_CONVERSION = YES;
				CLANG_WARN_OBJC_ROOT_CLASS = YES_ERROR;
				CLANG_WARN_SUSPICIOUS_MOVE = YES;
				CLANG_WARN_UNREACHABLE_CODE = YES;
				CLANG_WARN__DUPLICATE_METHOD_MATCH = YES;
				"CODE_SIGN_IDENTITY[sdk=iphoneos*]" = "iPhone Developer";
				COPY_PHASE_STRIP = NO;
				DEBUG_INFORMATION_FORMAT = dwarf;
				ENABLE_STRICT_OBJC_MSGSEND = YES;
				ENABLE_TESTABILITY = YES;
				GCC_C_LANGUAGE_STANDARD = gnu99;
				GCC_DYNAMIC_NO_PIC = NO;
				GCC_NO_COMMON_BLOCKS = YES;
				GCC_OPTIMIZATION_LEVEL = 0;
				GCC_PREPROCESSOR_DEFINITIONS = (
					"DEBUG=1",
					"$(inherited)",
				);
				GCC_WARN_64_TO_32_BIT_CONVERSION = YES;
				GCC_WARN_ABOUT_RETURN_TYPE = YES_ERROR;
				GCC_WARN_UNDECLARED_SELECTOR = YES;
				GCC_WARN_UNINITIALIZED_AUTOS = YES_AGGRESSIVE;
				GCC_WARN_UNUSED_FUNCTION = YES;
				GCC_WARN_UNUSED_VARIABLE = YES;
				IPHONEOS_DEPLOYMENT_TARGET = 10.3;
				MTL_ENABLE_DEBUG_INFO = YES;
				ONLY_ACTIVE_ARCH = YES;
				SDKROOT = iphoneos;
				SWIFT_ACTIVE_COMPILATION_CONDITIONS = DEBUG;
				SWIFT_OPTIMIZATION_LEVEL = "-Onone";
				TARGETED_DEVICE_FAMILY = "1,2";
			};
			name = Debug;
		};
		8292B3A11EBE70C5005303A3 /* Release */ = {
			isa = XCBuildConfiguration;
			buildSettings = {
				ALWAYS_SEARCH_USER_PATHS = NO;
				CLANG_ANALYZER_NONNULL = YES;
				CLANG_ANALYZER_NUMBER_OBJECT_CONVERSION = YES_AGGRESSIVE;
				CLANG_CXX_LANGUAGE_STANDARD = "gnu++0x";
				CLANG_CXX_LIBRARY = "libc++";
				CLANG_ENABLE_MODULES = YES;
				CLANG_ENABLE_OBJC_ARC = YES;
				CLANG_WARN_BOOL_CONVERSION = YES;
				CLANG_WARN_CONSTANT_CONVERSION = YES;
				CLANG_WARN_DIRECT_OBJC_ISA_USAGE = YES_ERROR;
				CLANG_WARN_DOCUMENTATION_COMMENTS = YES;
				CLANG_WARN_EMPTY_BODY = YES;
				CLANG_WARN_ENUM_CONVERSION = YES;
				CLANG_WARN_INFINITE_RECURSION = YES;
				CLANG_WARN_INT_CONVERSION = YES;
				CLANG_WARN_OBJC_ROOT_CLASS = YES_ERROR;
				CLANG_WARN_SUSPICIOUS_MOVE = YES;
				CLANG_WARN_UNREACHABLE_CODE = YES;
				CLANG_WARN__DUPLICATE_METHOD_MATCH = YES;
				"CODE_SIGN_IDENTITY[sdk=iphoneos*]" = "iPhone Developer";
				COPY_PHASE_STRIP = NO;
				DEBUG_INFORMATION_FORMAT = "dwarf-with-dsym";
				ENABLE_NS_ASSERTIONS = NO;
				ENABLE_STRICT_OBJC_MSGSEND = YES;
				GCC_C_LANGUAGE_STANDARD = gnu99;
				GCC_NO_COMMON_BLOCKS = YES;
				GCC_WARN_64_TO_32_BIT_CONVERSION = YES;
				GCC_WARN_ABOUT_RETURN_TYPE = YES_ERROR;
				GCC_WARN_UNDECLARED_SELECTOR = YES;
				GCC_WARN_UNINITIALIZED_AUTOS = YES_AGGRESSIVE;
				GCC_WARN_UNUSED_FUNCTION = YES;
				GCC_WARN_UNUSED_VARIABLE = YES;
				IPHONEOS_DEPLOYMENT_TARGET = 10.3;
				MTL_ENABLE_DEBUG_INFO = NO;
				SDKROOT = iphoneos;
				SWIFT_OPTIMIZATION_LEVEL = "-Owholemodule";
				TARGETED_DEVICE_FAMILY = "1,2";
				VALIDATE_PRODUCT = YES;
			};
			name = Release;
		};
		8292B3A31EBE70C5005303A3 /* Debug */ = {
			isa = XCBuildConfiguration;
			baseConfigurationReference = 24C1EF2CF91078B034DEF7E6 /* Pods-iOS Example.debug.xcconfig */;
			buildSettings = {
				INFOPLIST_FILE = "iOS Example/Info.plist";
				LD_RUNPATH_SEARCH_PATHS = "$(inherited) @executable_path/Frameworks";
				PRODUCT_BUNDLE_IDENTIFIER = "com.Building42.iOS-Example";
				PRODUCT_NAME = "$(TARGET_NAME)";
				SWIFT_VERSION = 3.0;
			};
			name = Debug;
		};
		8292B3A41EBE70C5005303A3 /* Release */ = {
			isa = XCBuildConfiguration;
			baseConfigurationReference = 8C61B08A10D94728CE856F71 /* Pods-iOS Example.release.xcconfig */;
			buildSettings = {
				INFOPLIST_FILE = "iOS Example/Info.plist";
				LD_RUNPATH_SEARCH_PATHS = "$(inherited) @executable_path/Frameworks";
				PRODUCT_BUNDLE_IDENTIFIER = "com.Building42.iOS-Example";
				PRODUCT_NAME = "$(TARGET_NAME)";
				SWIFT_VERSION = 3.0;
			};
			name = Release;
		};
/* End XCBuildConfiguration section */

/* Begin XCConfigurationList section */
		8292B38B1EBE70C5005303A3 /* Build configuration list for PBXProject "iOS Example" */ = {
			isa = XCConfigurationList;
			buildConfigurations = (
				8292B3A01EBE70C5005303A3 /* Debug */,
				8292B3A11EBE70C5005303A3 /* Release */,
			);
			defaultConfigurationIsVisible = 0;
			defaultConfigurationName = Release;
		};
		8292B3A21EBE70C5005303A3 /* Build configuration list for PBXNativeTarget "iOS Example" */ = {
			isa = XCConfigurationList;
			buildConfigurations = (
				8292B3A31EBE70C5005303A3 /* Debug */,
				8292B3A41EBE70C5005303A3 /* Release */,
			);
			defaultConfigurationIsVisible = 0;
			defaultConfigurationName = Release;
		};
/* End XCConfigurationList section */
	};
	rootObject = 8292B3881EBE70C5005303A3 /* Project object */;
}
